
Microsoft Visual Studio Solution File, Format Version 12.00
# Visual Studio 15
VisualStudioVersion = 15.0.27130.2010
MinimumVisualStudioVersion = 10.0.40219.1
Project("{FAE04EC0-301F-11D3-BF4B-00C04F79EFBC}") = "01___SingleInheritance", "01___SingleInheritance\01___SingleInheritance.csproj", "{BD8F9588-1159-441D-86FA-A990C6DDDBE0}"
EndProject
Project("{FAE04EC0-301F-11D3-BF4B-00C04F79EFBC}") = "02___Multiple_Inheritance", "02___Multiple_Inheritance\02___Multiple_Inheritance.csproj", "{4883CABC-FAE9-4C0C-92BA-62785178D520}"
EndProject
Project("{FAE04EC0-301F-11D3-BF4B-00C04F79EFBC}") = "03___Hierarchical_Inheritance", "03___Hierarchical_Inheritance\03___Hierarchical_Inheritance.csproj", "{CF9AC6FF-6147-41F1-AC58-3024EB7753CD}"
EndProject
Project("{FAE04EC0-301F-11D3-BF4B-00C04F79EFBC}") = "04___Random_List", "04___Random_List\04___Random_List.csproj", "{250D2BF6-5452-4DFF-BEBE-248146A49DED}"
EndProject
Project("{FAE04EC0-301F-11D3-BF4B-00C04F79EFBC}") = "05___Stack_of_Strings", "05___Stack_of_Strings\05___Stack_of_Strings.csproj", "{24F407FE-2D19-4E06-8DDA-1D83D9E2C4EA}"
EndProject
Global
	GlobalSection(SolutionConfigurationPlatforms) = preSolution
		Debug|Any CPU = Debug|Any CPU
		Release|Any CPU = Release|Any CPU
	EndGlobalSection
	GlobalSection(ProjectConfigurationPlatforms) = postSolution
		{BD8F9588-1159-441D-86FA-A990C6DDDBE0}.Debug|Any CPU.ActiveCfg = Debug|Any CPU
		{BD8F9588-1159-441D-86FA-A990C6DDDBE0}.Debug|Any CPU.Build.0 = Debug|Any CPU
		{BD8F9588-1159-441D-86FA-A990C6DDDBE0}.Release|Any CPU.ActiveCfg = Release|Any CPU
		{BD8F9588-1159-441D-86FA-A990C6DDDBE0}.Release|Any CPU.Build.0 = Release|Any CPU
		{4883CABC-FAE9-4C0C-92BA-62785178D520}.Debug|Any CPU.ActiveCfg = Debug|Any CPU
		{4883CABC-FAE9-4C0C-92BA-62785178D520}.Debug|Any CPU.Build.0 = Debug|Any CPU
		{4883CABC-FAE9-4C0C-92BA-62785178D520}.Release|Any CPU.ActiveCfg = Release|Any CPU
		{4883CABC-FAE9-4C0C-92BA-62785178D520}.Release|Any CPU.Build.0 = Release|Any CPU
		{CF9AC6FF-6147-41F1-AC58-3024EB7753CD}.Debug|Any CPU.ActiveCfg = Debug|Any CPU
		{CF9AC6FF-6147-41F1-AC58-3024EB7753CD}.Debug|Any CPU.Build.0 = Debug|Any CPU
		{CF9AC6FF-6147-41F1-AC58-3024EB7753CD}.Release|Any CPU.ActiveCfg = Release|Any CPU
		{CF9AC6FF-6147-41F1-AC58-3024EB7753CD}.Release|Any CPU.Build.0 = Release|Any CPU
		{250D2BF6-5452-4DFF-BEBE-248146A49DED}.Debug|Any CPU.ActiveCfg = Debug|Any CPU
		{250D2BF6-5452-4DFF-BEBE-248146A49DED}.Debug|Any CPU.Build.0 = Debug|Any CPU
		{250D2BF6-5452-4DFF-BEBE-248146A49DED}.Release|Any CPU.ActiveCfg = Release|Any CPU
		{250D2BF6-5452-4DFF-BEBE-248146A49DED}.Release|Any CPU.Build.0 = Release|Any CPU
		{24F407FE-2D19-4E06-8DDA-1D83D9E2C4EA}.Debug|Any CPU.ActiveCfg = Debug|Any CPU
		{24F407FE-2D19-4E06-8DDA-1D83D9E2C4EA}.Debug|Any CPU.Build.0 = Debug|Any CPU
		{24F407FE-2D19-4E06-8DDA-1D83D9E2C4EA}.Release|Any CPU.ActiveCfg = Release|Any CPU
		{24F407FE-2D19-4E06-8DDA-1D83D9E2C4EA}.Release|Any CPU.Build.0 = Release|Any CPU
	EndGlobalSection
	GlobalSection(SolutionProperties) = preSolution
		HideSolutionNode = FALSE
	EndGlobalSection
	GlobalSection(ExtensibilityGlobals) = postSolution
		SolutionGuid = {00ED9E12-0382-4757-BCB3-D9609681B39C}
	EndGlobalSection
EndGlobal
