
Microsoft Visual Studio Solution File, Format Version 12.00
# Visual Studio 15
VisualStudioVersion = 15.0.27428.2027
MinimumVisualStudioVersion = 10.0.40219.1
Project("{9A19103F-16F7-4668-BE54-9A1E7A4F7556}") = "01___Generic Box of String", "01___Generic Box of String\01___Generic Box of String.csproj", "{C005BD6B-D51A-41ED-82B2-9618B4C2FF96}"
EndProject


Global
	GlobalSection(SolutionConfigurationPlatforms) = preSolution
		Debug|Any CPU = Debug|Any CPU
		Release|Any CPU = Release|Any CPU
	EndGlobalSection
	GlobalSection(ProjectConfigurationPlatforms) = postSolution
		{C005BD6B-D51A-41ED-82B2-9618B4C2FF96}.Debug|Any CPU.ActiveCfg = Debug|Any CPU
		{C005BD6B-D51A-41ED-82B2-9618B4C2FF96}.Debug|Any CPU.Build.0 = Debug|Any CPU
		{C005BD6B-D51A-41ED-82B2-9618B4C2FF96}.Release|Any CPU.ActiveCfg = Release|Any CPU
		{C005BD6B-D51A-41ED-82B2-9618B4C2FF96}.Release|Any CPU.Build.0 = Release|Any CPU
		{3166A944-0EAF-4B46-8D79-A0C2478DFFCB}.Debug|Any CPU.ActiveCfg = Debug|Any CPU
		{3166A944-0EAF-4B46-8D79-A0C2478DFFCB}.Debug|Any CPU.Build.0 = Debug|Any CPU
		{3166A944-0EAF-4B46-8D79-A0C2478DFFCB}.Release|Any CPU.ActiveCfg = Release|Any CPU
		{3166A944-0EAF-4B46-8D79-A0C2478DFFCB}.Release|Any CPU.Build.0 = Release|Any CPU
		{8941288A-6310-4590-BE11-B65E7EBF1C9B}.Debug|Any CPU.ActiveCfg = Debug|Any CPU
		{8941288A-6310-4590-BE11-B65E7EBF1C9B}.Debug|Any CPU.Build.0 = Debug|Any CPU
		{8941288A-6310-4590-BE11-B65E7EBF1C9B}.Release|Any CPU.ActiveCfg = Release|Any CPU
		{8941288A-6310-4590-BE11-B65E7EBF1C9B}.Release|Any CPU.Build.0 = Release|Any CPU
		{5D5BB608-9CF3-438A-BBC8-D64D215DA61B}.Debug|Any CPU.ActiveCfg = Debug|Any CPU
		{5D5BB608-9CF3-438A-BBC8-D64D215DA61B}.Debug|Any CPU.Build.0 = Debug|Any CPU
		{5D5BB608-9CF3-438A-BBC8-D64D215DA61B}.Release|Any CPU.ActiveCfg = Release|Any CPU
		{5D5BB608-9CF3-438A-BBC8-D64D215DA61B}.Release|Any CPU.Build.0 = Release|Any CPU
		{27A82CD5-E2FB-4B6E-8C0B-5A75197E8615}.Debug|Any CPU.ActiveCfg = Debug|Any CPU
		{27A82CD5-E2FB-4B6E-8C0B-5A75197E8615}.Debug|Any CPU.Build.0 = Debug|Any CPU
		{27A82CD5-E2FB-4B6E-8C0B-5A75197E8615}.Release|Any CPU.ActiveCfg = Release|Any CPU
		{27A82CD5-E2FB-4B6E-8C0B-5A75197E8615}.Release|Any CPU.Build.0 = Release|Any CPU
		{D5479A96-0686-4BEC-B258-D793AD946616}.Debug|Any CPU.ActiveCfg = Debug|Any CPU
		{D5479A96-0686-4BEC-B258-D793AD946616}.Debug|Any CPU.Build.0 = Debug|Any CPU
		{D5479A96-0686-4BEC-B258-D793AD946616}.Release|Any CPU.ActiveCfg = Release|Any CPU
		{D5479A96-0686-4BEC-B258-D793AD946616}.Release|Any CPU.Build.0 = Release|Any CPU
		{7CD33548-5900-45A2-9B51-3BA5FCB272FA}.Debug|Any CPU.ActiveCfg = Debug|Any CPU
		{7CD33548-5900-45A2-9B51-3BA5FCB272FA}.Debug|Any CPU.Build.0 = Debug|Any CPU
		{7CD33548-5900-45A2-9B51-3BA5FCB272FA}.Release|Any CPU.ActiveCfg = Release|Any CPU
		{7CD33548-5900-45A2-9B51-3BA5FCB272FA}.Release|Any CPU.Build.0 = Release|Any CPU
		{1C7C6A64-668B-4D72-89DD-4411369A7FC4}.Debug|Any CPU.ActiveCfg = Debug|Any CPU
		{1C7C6A64-668B-4D72-89DD-4411369A7FC4}.Debug|Any CPU.Build.0 = Debug|Any CPU
		{1C7C6A64-668B-4D72-89DD-4411369A7FC4}.Release|Any CPU.ActiveCfg = Release|Any CPU
		{1C7C6A64-668B-4D72-89DD-4411369A7FC4}.Release|Any CPU.Build.0 = Release|Any CPU
		{67A504F5-6FA6-4F39-AFAA-877E3876D27A}.Debug|Any CPU.ActiveCfg = Debug|Any CPU
		{67A504F5-6FA6-4F39-AFAA-877E3876D27A}.Debug|Any CPU.Build.0 = Debug|Any CPU
		{67A504F5-6FA6-4F39-AFAA-877E3876D27A}.Release|Any CPU.ActiveCfg = Release|Any CPU
		{67A504F5-6FA6-4F39-AFAA-877E3876D27A}.Release|Any CPU.Build.0 = Release|Any CPU
		{10E419B0-3F47-42CF-93A0-505A21383C6D}.Debug|Any CPU.ActiveCfg = Debug|Any CPU
		{10E419B0-3F47-42CF-93A0-505A21383C6D}.Debug|Any CPU.Build.0 = Debug|Any CPU
		{10E419B0-3F47-42CF-93A0-505A21383C6D}.Release|Any CPU.ActiveCfg = Release|Any CPU
		{10E419B0-3F47-42CF-93A0-505A21383C6D}.Release|Any CPU.Build.0 = Release|Any CPU
		{FAA02570-1894-4C85-8A02-4F29A7016FF2}.Debug|Any CPU.ActiveCfg = Debug|Any CPU
		{FAA02570-1894-4C85-8A02-4F29A7016FF2}.Debug|Any CPU.Build.0 = Debug|Any CPU
		{FAA02570-1894-4C85-8A02-4F29A7016FF2}.Release|Any CPU.ActiveCfg = Release|Any CPU
		{FAA02570-1894-4C85-8A02-4F29A7016FF2}.Release|Any CPU.Build.0 = Release|Any CPU
	EndGlobalSection
	GlobalSection(SolutionProperties) = preSolution
		HideSolutionNode = FALSE
	EndGlobalSection
	GlobalSection(ExtensibilityGlobals) = postSolution
		SolutionGuid = {CD21DD2D-9403-418C-AB28-6EFD0A24A454}
	EndGlobalSection
EndGlobal
