
Microsoft Visual Studio Solution File, Format Version 12.00
# Visual Studio 15
VisualStudioVersion = 15.0.27130.2010
MinimumVisualStudioVersion = 10.0.40219.1
Project("{9A19103F-16F7-4668-BE54-9A1E7A4F7556}") = "01___Vehicles", "01___Vehicles\01___Vehicles.csproj", "{F1AA8030-9DB8-4026-A1FD-01636BA7AAA5}"
EndProject
Project("{9A19103F-16F7-4668-BE54-9A1E7A4F7556}") = "02___Vehicles_Extension", "02___Vehicles_Extension\02___Vehicles_Extension.csproj", "{10FB3BCB-D762-4AAE-AF75-E146B3DB5898}"
EndProject
Project("{FAE04EC0-301F-11D3-BF4B-00C04F79EFBC}") = "03___Wild_Farm", "03___Wild_Farm\03___Wild_Farm.csproj", "{DC4577CC-EEB4-431F-8EF4-68718BB5AAB6}"
EndProject
Global
	GlobalSection(SolutionConfigurationPlatforms) = preSolution
		Debug|Any CPU = Debug|Any CPU
		Release|Any CPU = Release|Any CPU
	EndGlobalSection
	GlobalSection(ProjectConfigurationPlatforms) = postSolution
		{F1AA8030-9DB8-4026-A1FD-01636BA7AAA5}.Debug|Any CPU.ActiveCfg = Debug|Any CPU
		{F1AA8030-9DB8-4026-A1FD-01636BA7AAA5}.Debug|Any CPU.Build.0 = Debug|Any CPU
		{F1AA8030-9DB8-4026-A1FD-01636BA7AAA5}.Release|Any CPU.ActiveCfg = Release|Any CPU
		{F1AA8030-9DB8-4026-A1FD-01636BA7AAA5}.Release|Any CPU.Build.0 = Release|Any CPU
		{10FB3BCB-D762-4AAE-AF75-E146B3DB5898}.Debug|Any CPU.ActiveCfg = Debug|Any CPU
		{10FB3BCB-D762-4AAE-AF75-E146B3DB5898}.Debug|Any CPU.Build.0 = Debug|Any CPU
		{10FB3BCB-D762-4AAE-AF75-E146B3DB5898}.Release|Any CPU.ActiveCfg = Release|Any CPU
		{10FB3BCB-D762-4AAE-AF75-E146B3DB5898}.Release|Any CPU.Build.0 = Release|Any CPU
		{DC4577CC-EEB4-431F-8EF4-68718BB5AAB6}.Debug|Any CPU.ActiveCfg = Debug|Any CPU
		{DC4577CC-EEB4-431F-8EF4-68718BB5AAB6}.Debug|Any CPU.Build.0 = Debug|Any CPU
		{DC4577CC-EEB4-431F-8EF4-68718BB5AAB6}.Release|Any CPU.ActiveCfg = Release|Any CPU
		{DC4577CC-EEB4-431F-8EF4-68718BB5AAB6}.Release|Any CPU.Build.0 = Release|Any CPU
	EndGlobalSection
	GlobalSection(SolutionProperties) = preSolution
		HideSolutionNode = FALSE
	EndGlobalSection
	GlobalSection(ExtensibilityGlobals) = postSolution
		SolutionGuid = {FB5464EA-3031-492B-8BD3-F09BBACE09AD}
	EndGlobalSection
EndGlobal
