
Microsoft Visual Studio Solution File, Format Version 12.00
# Visual Studio 15
VisualStudioVersion = 15.0.27130.2010
MinimumVisualStudioVersion = 10.0.40219.1
Project("{FAE04EC0-301F-11D3-BF4B-00C04F79EFBC}") = "01___Math_Operations", "01___Math_Operations\01___Math_Operations.csproj", "{60373CA3-DC84-4A79-A841-8365DDD0D942}"
EndProject
Project("{FAE04EC0-301F-11D3-BF4B-00C04F79EFBC}") = "02___Animals", "02___Animals\02___Animals.csproj", "{CCB65F28-185B-4457-91BE-9C1DF620CB5F}"
EndProject
Project("{FAE04EC0-301F-11D3-BF4B-00C04F79EFBC}") = "03___Shapes", "03___Shapes\03___Shapes.csproj", "{2B0CA6A4-8DCE-401B-9ECD-01EF1BFE7A7E}"
EndProject
Global
	GlobalSection(SolutionConfigurationPlatforms) = preSolution
		Debug|Any CPU = Debug|Any CPU
		Release|Any CPU = Release|Any CPU
	EndGlobalSection
	GlobalSection(ProjectConfigurationPlatforms) = postSolution
		{60373CA3-DC84-4A79-A841-8365DDD0D942}.Debug|Any CPU.ActiveCfg = Debug|Any CPU
		{60373CA3-DC84-4A79-A841-8365DDD0D942}.Debug|Any CPU.Build.0 = Debug|Any CPU
		{60373CA3-DC84-4A79-A841-8365DDD0D942}.Release|Any CPU.ActiveCfg = Release|Any CPU
		{60373CA3-DC84-4A79-A841-8365DDD0D942}.Release|Any CPU.Build.0 = Release|Any CPU
		{CCB65F28-185B-4457-91BE-9C1DF620CB5F}.Debug|Any CPU.ActiveCfg = Debug|Any CPU
		{CCB65F28-185B-4457-91BE-9C1DF620CB5F}.Debug|Any CPU.Build.0 = Debug|Any CPU
		{CCB65F28-185B-4457-91BE-9C1DF620CB5F}.Release|Any CPU.ActiveCfg = Release|Any CPU
		{CCB65F28-185B-4457-91BE-9C1DF620CB5F}.Release|Any CPU.Build.0 = Release|Any CPU
		{2B0CA6A4-8DCE-401B-9ECD-01EF1BFE7A7E}.Debug|Any CPU.ActiveCfg = Debug|Any CPU
		{2B0CA6A4-8DCE-401B-9ECD-01EF1BFE7A7E}.Debug|Any CPU.Build.0 = Debug|Any CPU
		{2B0CA6A4-8DCE-401B-9ECD-01EF1BFE7A7E}.Release|Any CPU.ActiveCfg = Release|Any CPU
		{2B0CA6A4-8DCE-401B-9ECD-01EF1BFE7A7E}.Release|Any CPU.Build.0 = Release|Any CPU
	EndGlobalSection
	GlobalSection(SolutionProperties) = preSolution
		HideSolutionNode = FALSE
	EndGlobalSection
	GlobalSection(ExtensibilityGlobals) = postSolution
		SolutionGuid = {50BE9810-C724-442F-84E7-580C35063AD1}
	EndGlobalSection
EndGlobal
